
Microsoft Visual Studio Solution File, Format Version 12.00
# Visual Studio Version 17
VisualStudioVersion = 17.11.35222.181
MinimumVisualStudioVersion = 10.0.40219.1
Project("{9A19103F-16F7-4668-BE54-9A1E7A4F7556}") = "ToneForum.API", "ToneForum.API.csproj", "{F9F287DE-20AD-46B3-8507-E2D7CC257775}"
EndProject
Project("{9A19103F-16F7-4668-BE54-9A1E7A4F7556}") = "ToneForum.Repository", "..\ToneForum.Repository\ToneForum.Repository.csproj", "{115F8177-31E1-4CFB-A46C-89F7F441CC98}"
EndProject
Global
	GlobalSection(SolutionConfigurationPlatforms) = preSolution
		Debug|Any CPU = Debug|Any CPU
		Release|Any CPU = Release|Any CPU
	EndGlobalSection
	GlobalSection(ProjectConfigurationPlatforms) = postSolution
		{F9F287DE-20AD-46B3-8507-E2D7CC257775}.Debug|Any CPU.ActiveCfg = Debug|Any CPU
		{F9F287DE-20AD-46B3-8507-E2D7CC257775}.Debug|Any CPU.Build.0 = Debug|Any CPU
		{F9F287DE-20AD-46B3-8507-E2D7CC257775}.Release|Any CPU.ActiveCfg = Release|Any CPU
		{F9F287DE-20AD-46B3-8507-E2D7CC257775}.Release|Any CPU.Build.0 = Release|Any CPU
		{115F8177-31E1-4CFB-A46C-89F7F441CC98}.Debug|Any CPU.ActiveCfg = Debug|Any CPU
		{115F8177-31E1-4CFB-A46C-89F7F441CC98}.Debug|Any CPU.Build.0 = Debug|Any CPU
		{115F8177-31E1-4CFB-A46C-89F7F441CC98}.Release|Any CPU.ActiveCfg = Release|Any CPU
		{115F8177-31E1-4CFB-A46C-89F7F441CC98}.Release|Any CPU.Build.0 = Release|Any CPU
	EndGlobalSection
	GlobalSection(SolutionProperties) = preSolution
		HideSolutionNode = FALSE
	EndGlobalSection
	GlobalSection(ExtensibilityGlobals) = postSolution
		SolutionGuid = {0986DA0F-0744-4EA8-B552-C1BF897A0C4E}
	EndGlobalSection
EndGlobal
